// !$*UTF8*$!
{
	archiveVersion = 1;
	classes = {
	};
	objectVersion = 56;
	objects = {

/* Begin PBXBuildFile section */
		639969402ABCC232002B8A74 /* playeringame2.swift in Sources */ = {isa = PBXBuildFile; fileRef = 6399693F2ABCC231002B8A74 /* playeringame2.swift */; };
		63DCB1C62AB66AE7007BACF8 /* ReversiApp.swift in Sources */ = {isa = PBXBuildFile; fileRef = 63DCB1C52AB66AE7007BACF8 /* ReversiApp.swift */; };
		63DCB1C82AB66AE7007BACF8 /* ContentView.swift in Sources */ = {isa = PBXBuildFile; fileRef = 63DCB1C72AB66AE7007BACF8 /* ContentView.swift */; };
		63DCB1CA2AB66AEA007BACF8 /* Assets.xcassets in Resources */ = {isa = PBXBuildFile; fileRef = 63DCB1C92AB66AEA007BACF8 /* Assets.xcassets */; };
		63DCB1CD2AB66AEA007BACF8 /* Preview Assets.xcassets in Resources */ = {isa = PBXBuildFile; fileRef = 63DCB1CC2AB66AEA007BACF8 /* Preview Assets.xcassets */; };
		63DCB1D72AB66AEA007BACF8 /* ReversiTests.swift in Sources */ = {isa = PBXBuildFile; fileRef = 63DCB1D62AB66AEA007BACF8 /* ReversiTests.swift */; };
		63DCB1E12AB66AEA007BACF8 /* ReversiUITests.swift in Sources */ = {isa = PBXBuildFile; fileRef = 63DCB1E02AB66AEA007BACF8 /* ReversiUITests.swift */; };
		63DCB1E32AB66AEA007BACF8 /* ReversiUITestsLaunchTests.swift in Sources */ = {isa = PBXBuildFile; fileRef = 63DCB1E22AB66AEA007BACF8 /* ReversiUITestsLaunchTests.swift */; };
		63DCB1F62AB6BAE1007BACF8 /* background.swift in Sources */ = {isa = PBXBuildFile; fileRef = 63DCB1F52AB6BAE1007BACF8 /* background.swift */; };
		63DCB1F82AB6C29C007BACF8 /* playeringame.swift in Sources */ = {isa = PBXBuildFile; fileRef = 63DCB1F72AB6C29C007BACF8 /* playeringame.swift */; };
/* End PBXBuildFile section */

/* Begin PBXContainerItemProxy section */
		63DCB1D32AB66AEA007BACF8 /* PBXContainerItemProxy */ = {
			isa = PBXContainerItemProxy;
			containerPortal = 63DCB1BA2AB66AE7007BACF8 /* Project object */;
			proxyType = 1;
			remoteGlobalIDString = 63DCB1C12AB66AE7007BACF8;
			remoteInfo = Reversi;
		};
		63DCB1DD2AB66AEA007BACF8 /* PBXContainerItemProxy */ = {
			isa = PBXContainerItemProxy;
			containerPortal = 63DCB1BA2AB66AE7007BACF8 /* Project object */;
			proxyType = 1;
			remoteGlobalIDString = 63DCB1C12AB66AE7007BACF8;
			remoteInfo = Reversi;
		};
/* End PBXContainerItemProxy section */

/* Begin PBXFileReference section */
		6399693F2ABCC231002B8A74 /* playeringame2.swift */ = {isa = PBXFileReference; lastKnownFileType = sourcecode.swift; path = playeringame2.swift; sourceTree = "<group>"; };
		63DCB1C22AB66AE7007BACF8 /* Reversi.app */ = {isa = PBXFileReference; explicitFileType = wrapper.application; includeInIndex = 0; path = Reversi.app; sourceTree = BUILT_PRODUCTS_DIR; };
		63DCB1C52AB66AE7007BACF8 /* ReversiApp.swift */ = {isa = PBXFileReference; lastKnownFileType = sourcecode.swift; path = ReversiApp.swift; sourceTree = "<group>"; };
		63DCB1C72AB66AE7007BACF8 /* ContentView.swift */ = {isa = PBXFileReference; lastKnownFileType = sourcecode.swift; path = ContentView.swift; sourceTree = "<group>"; };
		63DCB1C92AB66AEA007BACF8 /* Assets.xcassets */ = {isa = PBXFileReference; lastKnownFileType = folder.assetcatalog; path = Assets.xcassets; sourceTree = "<group>"; };
		63DCB1CC2AB66AEA007BACF8 /* Preview Assets.xcassets */ = {isa = PBXFileReference; lastKnownFileType = folder.assetcatalog; path = "Preview Assets.xcassets"; sourceTree = "<group>"; };
		63DCB1D22AB66AEA007BACF8 /* ReversiTests.xctest */ = {isa = PBXFileReference; explicitFileType = wrapper.cfbundle; includeInIndex = 0; path = ReversiTests.xctest; sourceTree = BUILT_PRODUCTS_DIR; };
		63DCB1D62AB66AEA007BACF8 /* ReversiTests.swift */ = {isa = PBXFileReference; lastKnownFileType = sourcecode.swift; path = ReversiTests.swift; sourceTree = "<group>"; };
		63DCB1DC2AB66AEA007BACF8 /* ReversiUITests.xctest */ = {isa = PBXFileReference; explicitFileType = wrapper.cfbundle; includeInIndex = 0; path = ReversiUITests.xctest; sourceTree = BUILT_PRODUCTS_DIR; };
		63DCB1E02AB66AEA007BACF8 /* ReversiUITests.swift */ = {isa = PBXFileReference; lastKnownFileType = sourcecode.swift; path = ReversiUITests.swift; sourceTree = "<group>"; };
		63DCB1E22AB66AEA007BACF8 /* ReversiUITestsLaunchTests.swift */ = {isa = PBXFileReference; lastKnownFileType = sourcecode.swift; path = ReversiUITestsLaunchTests.swift; sourceTree = "<group>"; };
		63DCB1F52AB6BAE1007BACF8 /* background.swift */ = {isa = PBXFileReference; lastKnownFileType = sourcecode.swift; path = background.swift; sourceTree = "<group>"; };
		63DCB1F72AB6C29C007BACF8 /* playeringame.swift */ = {isa = PBXFileReference; lastKnownFileType = sourcecode.swift; path = playeringame.swift; sourceTree = "<group>"; };
/* End PBXFileReference section */

/* Begin PBXFrameworksBuildPhase section */
		63DCB1BF2AB66AE7007BACF8 /* Frameworks */ = {
			isa = PBXFrameworksBuildPhase;
			buildActionMask = 2147483647;
			files = (
			);
			runOnlyForDeploymentPostprocessing = 0;
		};
		63DCB1CF2AB66AEA007BACF8 /* Frameworks */ = {
			isa = PBXFrameworksBuildPhase;
			buildActionMask = 2147483647;
			files = (
			);
			runOnlyForDeploymentPostprocessing = 0;
		};
		63DCB1D92AB66AEA007BACF8 /* Frameworks */ = {
			isa = PBXFrameworksBuildPhase;
			buildActionMask = 2147483647;
			files = (
			);
			runOnlyForDeploymentPostprocessing = 0;
		};
/* End PBXFrameworksBuildPhase section */

/* Begin PBXGroup section */
		63DCB1B92AB66AE7007BACF8 = {
			isa = PBXGroup;
			children = (
				63DCB1C42AB66AE7007BACF8 /* Reversi */,
				63DCB1D52AB66AEA007BACF8 /* ReversiTests */,
				63DCB1DF2AB66AEA007BACF8 /* ReversiUITests */,
				63DCB1C32AB66AE7007BACF8 /* Products */,
			);
			sourceTree = "<group>";
		};
		63DCB1C32AB66AE7007BACF8 /* Products */ = {
			isa = PBXGroup;
			children = (
				63DCB1C22AB66AE7007BACF8 /* Reversi.app */,
				63DCB1D22AB66AEA007BACF8 /* ReversiTests.xctest */,
				63DCB1DC2AB66AEA007BACF8 /* ReversiUITests.xctest */,
			);
			name = Products;
			sourceTree = "<group>";
		};
		63DCB1C42AB66AE7007BACF8 /* Reversi */ = {
			isa = PBXGroup;
			children = (
				63DCB1C52AB66AE7007BACF8 /* ReversiApp.swift */,
				63DCB1C72AB66AE7007BACF8 /* ContentView.swift */,
				63DCB1C92AB66AEA007BACF8 /* Assets.xcassets */,
				63DCB1F52AB6BAE1007BACF8 /* background.swift */,
				63DCB1F72AB6C29C007BACF8 /* playeringame.swift */,
				6399693F2ABCC231002B8A74 /* playeringame2.swift */,
				63DCB1CB2AB66AEA007BACF8 /* Preview Content */,
			);
			path = Reversi;
			sourceTree = "<group>";
		};
		63DCB1CB2AB66AEA007BACF8 /* Preview Content */ = {
			isa = PBXGroup;
			children = (
				63DCB1CC2AB66AEA007BACF8 /* Preview Assets.xcassets */,
			);
			path = "Preview Content";
			sourceTree = "<group>";
		};
		63DCB1D52AB66AEA007BACF8 /* ReversiTests */ = {
			isa = PBXGroup;
			children = (
				63DCB1D62AB66AEA007BACF8 /* ReversiTests.swift */,
			);
			path = ReversiTests;
			sourceTree = "<group>";
		};
		63DCB1DF2AB66AEA007BACF8 /* ReversiUITests */ = {
			isa = PBXGroup;
			children = (
				63DCB1E02AB66AEA007BACF8 /* ReversiUITests.swift */,
				63DCB1E22AB66AEA007BACF8 /* ReversiUITestsLaunchTests.swift */,
			);
			path = ReversiUITests;
			sourceTree = "<group>";
		};
/* End PBXGroup section */

/* Begin PBXNativeTarget section */
		63DCB1C12AB66AE7007BACF8 /* Reversi */ = {
			isa = PBXNativeTarget;
			buildConfigurationList = 63DCB1E62AB66AEA007BACF8 /* Build configuration list for PBXNativeTarget "Reversi" */;
			buildPhases = (
				63DCB1BE2AB66AE7007BACF8 /* Sources */,
				63DCB1BF2AB66AE7007BACF8 /* Frameworks */,
				63DCB1C02AB66AE7007BACF8 /* Resources */,
			);
			buildRules = (
			);
			dependencies = (
			);
			name = Reversi;
			productName = Reversi;
			productReference = 63DCB1C22AB66AE7007BACF8 /* Reversi.app */;
			productType = "com.apple.product-type.application";
		};
		63DCB1D12AB66AEA007BACF8 /* ReversiTests */ = {
			isa = PBXNativeTarget;
			buildConfigurationList = 63DCB1E92AB66AEA007BACF8 /* Build configuration list for PBXNativeTarget "ReversiTests" */;
			buildPhases = (
				63DCB1CE2AB66AEA007BACF8 /* Sources */,
				63DCB1CF2AB66AEA007BACF8 /* Frameworks */,
				63DCB1D02AB66AEA007BACF8 /* Resources */,
			);
			buildRules = (
			);
			dependencies = (
				63DCB1D42AB66AEA007BACF8 /* PBXTargetDependency */,
			);
			name = ReversiTests;
			productName = ReversiTests;
			productReference = 63DCB1D22AB66AEA007BACF8 /* ReversiTests.xctest */;
			productType = "com.apple.product-type.bundle.unit-test";
		};
		63DCB1DB2AB66AEA007BACF8 /* ReversiUITests */ = {
			isa = PBXNativeTarget;
			buildConfigurationList = 63DCB1EC2AB66AEA007BACF8 /* Build configuration list for PBXNativeTarget "ReversiUITests" */;
			buildPhases = (
				63DCB1D82AB66AEA007BACF8 /* Sources */,
				63DCB1D92AB66AEA007BACF8 /* Frameworks */,
				63DCB1DA2AB66AEA007BACF8 /* Resources */,
			);
			buildRules = (
			);
			dependencies = (
				63DCB1DE2AB66AEA007BACF8 /* PBXTargetDependency */,
			);
			name = ReversiUITests;
			productName = ReversiUITests;
			productReference = 63DCB1DC2AB66AEA007BACF8 /* ReversiUITests.xctest */;
			productType = "com.apple.product-type.bundle.ui-testing";
		};
/* End PBXNativeTarget section */

/* Begin PBXProject section */
		63DCB1BA2AB66AE7007BACF8 /* Project object */ = {
			isa = PBXProject;
			attributes = {
				BuildIndependentTargetsInParallel = 1;
				LastSwiftUpdateCheck = 1430;
				LastUpgradeCheck = 1430;
				TargetAttributes = {
					63DCB1C12AB66AE7007BACF8 = {
						CreatedOnToolsVersion = 14.3.1;
					};
					63DCB1D12AB66AEA007BACF8 = {
						CreatedOnToolsVersion = 14.3.1;
						TestTargetID = 63DCB1C12AB66AE7007BACF8;
					};
					63DCB1DB2AB66AEA007BACF8 = {
						CreatedOnToolsVersion = 14.3.1;
						TestTargetID = 63DCB1C12AB66AE7007BACF8;
					};
				};
			};
			buildConfigurationList = 63DCB1BD2AB66AE7007BACF8 /* Build configuration list for PBXProject "Reversi" */;
			compatibilityVersion = "Xcode 14.0";
			developmentRegion = en;
			hasScannedForEncodings = 0;
			knownRegions = (
				en,
				Base,
			);
			mainGroup = 63DCB1B92AB66AE7007BACF8;
			productRefGroup = 63DCB1C32AB66AE7007BACF8 /* Products */;
			projectDirPath = "";
			projectRoot = "";
			targets = (
				63DCB1C12AB66AE7007BACF8 /* Reversi */,
				63DCB1D12AB66AEA007BACF8 /* ReversiTests */,
				63DCB1DB2AB66AEA007BACF8 /* ReversiUITests */,
			);
		};
/* End PBXProject section */

/* Begin PBXResourcesBuildPhase section */
		63DCB1C02AB66AE7007BACF8 /* Resources */ = {
			isa = PBXResourcesBuildPhase;
			buildActionMask = 2147483647;
			files = (
				63DCB1CD2AB66AEA007BACF8 /* Preview Assets.xcassets in Resources */,
				63DCB1CA2AB66AEA007BACF8 /* Assets.xcassets in Resources */,
			);
			runOnlyForDeploymentPostprocessing = 0;
		};
		63DCB1D02AB66AEA007BACF8 /* Resources */ = {
			isa = PBXResourcesBuildPhase;
			buildActionMask = 2147483647;
			files = (
			);
			runOnlyForDeploymentPostprocessing = 0;
		};
		63DCB1DA2AB66AEA007BACF8 /* Resources */ = {
			isa = PBXResourcesBuildPhase;
			buildActionMask = 2147483647;
			files = (
			);
			runOnlyForDeploymentPostprocessing = 0;
		};
/* End PBXResourcesBuildPhase section */

/* Begin PBXSourcesBuildPhase section */
		63DCB1BE2AB66AE7007BACF8 /* Sources */ = {
			isa = PBXSourcesBuildPhase;
			buildActionMask = 2147483647;
			files = (
				63DCB1F62AB6BAE1007BACF8 /* background.swift in Sources */,
				639969402ABCC232002B8A74 /* playeringame2.swift in Sources */,
				63DCB1C82AB66AE7007BACF8 /* ContentView.swift in Sources */,
				63DCB1C62AB66AE7007BACF8 /* ReversiApp.swift in Sources */,
				63DCB1F82AB6C29C007BACF8 /* playeringame.swift in Sources */,
			);
			runOnlyForDeploymentPostprocessing = 0;
		};
		63DCB1CE2AB66AEA007BACF8 /* Sources */ = {
			isa = PBXSourcesBuildPhase;
			buildActionMask = 2147483647;
			files = (
				63DCB1D72AB66AEA007BACF8 /* ReversiTests.swift in Sources */,
			);
			runOnlyForDeploymentPostprocessing = 0;
		};
		63DCB1D82AB66AEA007BACF8 /* Sources */ = {
			isa = PBXSourcesBuildPhase;
			buildActionMask = 2147483647;
			files = (
				63DCB1E12AB66AEA007BACF8 /* ReversiUITests.swift in Sources */,
				63DCB1E32AB66AEA007BACF8 /* ReversiUITestsLaunchTests.swift in Sources */,
			);
			runOnlyForDeploymentPostprocessing = 0;
		};
/* End PBXSourcesBuildPhase section */

/* Begin PBXTargetDependency section */
		63DCB1D42AB66AEA007BACF8 /* PBXTargetDependency */ = {
			isa = PBXTargetDependency;
			target = 63DCB1C12AB66AE7007BACF8 /* Reversi */;
			targetProxy = 63DCB1D32AB66AEA007BACF8 /* PBXContainerItemProxy */;
		};
		63DCB1DE2AB66AEA007BACF8 /* PBXTargetDependency */ = {
			isa = PBXTargetDependency;
			target = 63DCB1C12AB66AE7007BACF8 /* Reversi */;
			targetProxy = 63DCB1DD2AB66AEA007BACF8 /* PBXContainerItemProxy */;
		};
/* End PBXTargetDependency section */

/* Begin XCBuildConfiguration section */
		63DCB1E42AB66AEA007BACF8 /* Debug */ = {
			isa = XCBuildConfiguration;
			buildSettings = {
				ALWAYS_SEARCH_USER_PATHS = NO;
				CLANG_ANALYZER_NONNULL = YES;
				CLANG_ANALYZER_NUMBER_OBJECT_CONVERSION = YES_AGGRESSIVE;
				CLANG_CXX_LANGUAGE_STANDARD = "gnu++20";
				CLANG_ENABLE_MODULES = YES;
				CLANG_ENABLE_OBJC_ARC = YES;
				CLANG_ENABLE_OBJC_WEAK = YES;
				CLANG_WARN_BLOCK_CAPTURE_AUTORELEASING = YES;
				CLANG_WARN_BOOL_CONVERSION = YES;
				CLANG_WARN_COMMA = YES;
				CLANG_WARN_CONSTANT_CONVERSION = YES;
				CLANG_WARN_DEPRECATED_OBJC_IMPLEMENTATIONS = YES;
				CLANG_WARN_DIRECT_OBJC_ISA_USAGE = YES_ERROR;
				CLANG_WARN_DOCUMENTATION_COMMENTS = YES;
				CLANG_WARN_EMPTY_BODY = YES;
				CLANG_WARN_ENUM_CONVERSION = YES;
				CLANG_WARN_INFINITE_RECURSION = YES;
				CLANG_WARN_INT_CONVERSION = YES;
				CLANG_WARN_NON_LITERAL_NULL_CONVERSION = YES;
				CLANG_WARN_OBJC_IMPLICIT_RETAIN_SELF = YES;
				CLANG_WARN_OBJC_LITERAL_CONVERSION = YES;
				CLANG_WARN_OBJC_ROOT_CLASS = YES_ERROR;
				CLANG_WARN_QUOTED_INCLUDE_IN_FRAMEWORK_HEADER = YES;
				CLANG_WARN_RANGE_LOOP_ANALYSIS = YES;
				CLANG_WARN_STRICT_PROTOTYPES = YES;
				CLANG_WARN_SUSPICIOUS_MOVE = YES;
				CLANG_WARN_UNGUARDED_AVAILABILITY = YES_AGGRESSIVE;
				CLANG_WARN_UNREACHABLE_CODE = YES;
				CLANG_WARN__DUPLICATE_METHOD_MATCH = YES;
				COPY_PHASE_STRIP = NO;
				DEBUG_INFORMATION_FORMAT = dwarf;
				ENABLE_STRICT_OBJC_MSGSEND = YES;
				ENABLE_TESTABILITY = YES;
				GCC_C_LANGUAGE_STANDARD = gnu11;
				GCC_DYNAMIC_NO_PIC = NO;
				GCC_NO_COMMON_BLOCKS = YES;
				GCC_OPTIMIZATION_LEVEL = 0;
				GCC_PREPROCESSOR_DEFINITIONS = (
					"DEBUG=1",
					"$(inherited)",
				);
				GCC_WARN_64_TO_32_BIT_CONVERSION = YES;
				GCC_WARN_ABOUT_RETURN_TYPE = YES_ERROR;
				GCC_WARN_UNDECLARED_SELECTOR = YES;
				GCC_WARN_UNINITIALIZED_AUTOS = YES_AGGRESSIVE;
				GCC_WARN_UNUSED_FUNCTION = YES;
				GCC_WARN_UNUSED_VARIABLE = YES;
				IPHONEOS_DEPLOYMENT_TARGET = 16.4;
				MTL_ENABLE_DEBUG_INFO = INCLUDE_SOURCE;
				MTL_FAST_MATH = YES;
				ONLY_ACTIVE_ARCH = YES;
				SDKROOT = iphoneos;
				SWIFT_ACTIVE_COMPILATION_CONDITIONS = DEBUG;
				SWIFT_OPTIMIZATION_LEVEL = "-Onone";
			};
			name = Debug;
		};
		63DCB1E52AB66AEA007BACF8 /* Release */ = {
			isa = XCBuildConfiguration;
			buildSettings = {
				ALWAYS_SEARCH_USER_PATHS = NO;
				CLANG_ANALYZER_NONNULL = YES;
				CLANG_ANALYZER_NUMBER_OBJECT_CONVERSION = YES_AGGRESSIVE;
				CLANG_CXX_LANGUAGE_STANDARD = "gnu++20";
				CLANG_ENABLE_MODULES = YES;
				CLANG_ENABLE_OBJC_ARC = YES;
				CLANG_ENABLE_OBJC_WEAK = YES;
				CLANG_WARN_BLOCK_CAPTURE_AUTORELEASING = YES;
				CLANG_WARN_BOOL_CONVERSION = YES;
				CLANG_WARN_COMMA = YES;
				CLANG_WARN_CONSTANT_CONVERSION = YES;
				CLANG_WARN_DEPRECATED_OBJC_IMPLEMENTATIONS = YES;
				CLANG_WARN_DIRECT_OBJC_ISA_USAGE = YES_ERROR;
				CLANG_WARN_DOCUMENTATION_COMMENTS = YES;
				CLANG_WARN_EMPTY_BODY = YES;
				CLANG_WARN_ENUM_CONVERSION = YES;
				CLANG_WARN_INFINITE_RECURSION = YES;
				CLANG_WARN_INT_CONVERSION = YES;
				CLANG_WARN_NON_LITERAL_NULL_CONVERSION = YES;
				CLANG_WARN_OBJC_IMPLICIT_RETAIN_SELF = YES;
				CLANG_WARN_OBJC_LITERAL_CONVERSION = YES;
				CLANG_WARN_OBJC_ROOT_CLASS = YES_ERROR;
				CLANG_WARN_QUOTED_INCLUDE_IN_FRAMEWORK_HEADER = YES;
				CLANG_WARN_RANGE_LOOP_ANALYSIS = YES;
				CLANG_WARN_STRICT_PROTOTYPES = YES;
				CLANG_WARN_SUSPICIOUS_MOVE = YES;
				CLANG_WARN_UNGUARDED_AVAILABILITY = YES_AGGRESSIVE;
				CLANG_WARN_UNREACHABLE_CODE = YES;
				CLANG_WARN__DUPLICATE_METHOD_MATCH = YES;
				COPY_PHASE_STRIP = NO;
				DEBUG_INFORMATION_FORMAT = "dwarf-with-dsym";
				ENABLE_NS_ASSERTIONS = NO;
				ENABLE_STRICT_OBJC_MSGSEND = YES;
				GCC_C_LANGUAGE_STANDARD = gnu11;
				GCC_NO_COMMON_BLOCKS = YES;
				GCC_WARN_64_TO_32_BIT_CONVERSION = YES;
				GCC_WARN_ABOUT_RETURN_TYPE = YES_ERROR;
				GCC_WARN_UNDECLARED_SELECTOR = YES;
				GCC_WARN_UNINITIALIZED_AUTOS = YES_AGGRESSIVE;
				GCC_WARN_UNUSED_FUNCTION = YES;
				GCC_WARN_UNUSED_VARIABLE = YES;
				IPHONEOS_DEPLOYMENT_TARGET = 16.4;
				MTL_ENABLE_DEBUG_INFO = NO;
				MTL_FAST_MATH = YES;
				SDKROOT = iphoneos;
				SWIFT_COMPILATION_MODE = wholemodule;
				SWIFT_OPTIMIZATION_LEVEL = "-O";
				VALIDATE_PRODUCT = YES;
			};
			name = Release;
		};
		63DCB1E72AB66AEA007BACF8 /* Debug */ = {
			isa = XCBuildConfiguration;
			buildSettings = {
				ASSETCATALOG_COMPILER_APPICON_NAME = AppIcon;
				ASSETCATALOG_COMPILER_GLOBAL_ACCENT_COLOR_NAME = AccentColor;
				CODE_SIGN_STYLE = Automatic;
				CURRENT_PROJECT_VERSION = 1;
				DEVELOPMENT_ASSET_PATHS = "\"Reversi/Preview Content\"";
				ENABLE_PREVIEWS = YES;
				GENERATE_INFOPLIST_FILE = YES;
				INFOPLIST_KEY_UIApplicationSceneManifest_Generation = YES;
				INFOPLIST_KEY_UIApplicationSupportsIndirectInputEvents = YES;
				INFOPLIST_KEY_UILaunchScreen_Generation = YES;
				INFOPLIST_KEY_UISupportedInterfaceOrientations_iPad = "UIInterfaceOrientationPortrait UIInterfaceOrientationPortraitUpsideDown UIInterfaceOrientationLandscapeLeft UIInterfaceOrientationLandscapeRight";
				INFOPLIST_KEY_UISupportedInterfaceOrientations_iPhone = "UIInterfaceOrientationPortrait UIInterfaceOrientationLandscapeLeft UIInterfaceOrientationLandscapeRight";
				LD_RUNPATH_SEARCH_PATHS = (
					"$(inherited)",
					"@executable_path/Frameworks",
				);
				MARKETING_VERSION = 1.0;
				PRODUCT_BUNDLE_IDENTIFIER = "com.example.apple-samplecode.Reversi";
				PRODUCT_NAME = "$(TARGET_NAME)";
				SWIFT_EMIT_LOC_STRINGS = YES;
				SWIFT_VERSION = 5.0;
				TARGETED_DEVICE_FAMILY = "1,2";
			};
			name = Debug;
		};
		63DCB1E82AB66AEA007BACF8 /* Release */ = {
			isa = XCBuildConfiguration;
			buildSettings = {
				ASSETCATALOG_COMPILER_APPICON_NAME = AppIcon;
				ASSETCATALOG_COMPILER_GLOBAL_ACCENT_COLOR_NAME = AccentColor;
				CODE_SIGN_STYLE = Automatic;
				CURRENT_PROJECT_VERSION = 1;
				DEVELOPMENT_ASSET_PATHS = "\"Reversi/Preview Content\"";
				ENABLE_PREVIEWS = YES;
				GENERATE_INFOPLIST_FILE = YES;
				INFOPLIST_KEY_UIApplicationSceneManifest_Generation = YES;
				INFOPLIST_KEY_UIApplicationSupportsIndirectInputEvents = YES;
				INFOPLIST_KEY_UILaunchScreen_Generation = YES;
				INFOPLIST_KEY_UISupportedInterfaceOrientations_iPad = "UIInterfaceOrientationPortrait UIInterfaceOrientationPortraitUpsideDown UIInterfaceOrientationLandscapeLeft UIInterfaceOrientationLandscapeRight";
				INFOPLIST_KEY_UISupportedInterfaceOrientations_iPhone = "UIInterfaceOrientationPortrait UIInterfaceOrientationLandscapeLeft UIInterfaceOrientationLandscapeRight";
				LD_RUNPATH_SEARCH_PATHS = (
					"$(inherited)",
					"@executable_path/Frameworks",
				);
				MARKETING_VERSION = 1.0;
				PRODUCT_BUNDLE_IDENTIFIER = "com.example.apple-samplecode.Reversi";
				PRODUCT_NAME = "$(TARGET_NAME)";
				SWIFT_EMIT_LOC_STRINGS = YES;
				SWIFT_VERSION = 5.0;
				TARGETED_DEVICE_FAMILY = "1,2";
			};
			name = Release;
		};
		63DCB1EA2AB66AEA007BACF8 /* Debug */ = {
			isa = XCBuildConfiguration;
			buildSettings = {
				ALWAYS_EMBED_SWIFT_STANDARD_LIBRARIES = YES;
				BUNDLE_LOADER = "$(TEST_HOST)";
				CODE_SIGN_STYLE = Automatic;
				CURRENT_PROJECT_VERSION = 1;
				GENERATE_INFOPLIST_FILE = YES;
				IPHONEOS_DEPLOYMENT_TARGET = 16.4;
				MARKETING_VERSION = 1.0;
				PRODUCT_BUNDLE_IDENTIFIER = "com.example.apple-samplecode.ReversiTests";
				PRODUCT_NAME = "$(TARGET_NAME)";
				SWIFT_EMIT_LOC_STRINGS = NO;
				SWIFT_VERSION = 5.0;
				TARGETED_DEVICE_FAMILY = "1,2";
				TEST_HOST = "$(BUILT_PRODUCTS_DIR)/Reversi.app/$(BUNDLE_EXECUTABLE_FOLDER_PATH)/Reversi";
			};
			name = Debug;
		};
		63DCB1EB2AB66AEA007BACF8 /* Release */ = {
			isa = XCBuildConfiguration;
			buildSettings = {
				ALWAYS_EMBED_SWIFT_STANDARD_LIBRARIES = YES;
				BUNDLE_LOADER = "$(TEST_HOST)";
				CODE_SIGN_STYLE = Automatic;
				CURRENT_PROJECT_VERSION = 1;
				GENERATE_INFOPLIST_FILE = YES;
				IPHONEOS_DEPLOYMENT_TARGET = 16.4;
				MARKETING_VERSION = 1.0;
				PRODUCT_BUNDLE_IDENTIFIER = "com.example.apple-samplecode.ReversiTests";
				PRODUCT_NAME = "$(TARGET_NAME)";
				SWIFT_EMIT_LOC_STRINGS = NO;
				SWIFT_VERSION = 5.0;
				TARGETED_DEVICE_FAMILY = "1,2";
				TEST_HOST = "$(BUILT_PRODUCTS_DIR)/Reversi.app/$(BUNDLE_EXECUTABLE_FOLDER_PATH)/Reversi";
			};
			name = Release;
		};
		63DCB1ED2AB66AEA007BACF8 /* Debug */ = {
			isa = XCBuildConfiguration;
			buildSettings = {
				ALWAYS_EMBED_SWIFT_STANDARD_LIBRARIES = YES;
				CODE_SIGN_STYLE = Automatic;
				CURRENT_PROJECT_VERSION = 1;
				GENERATE_INFOPLIST_FILE = YES;
				MARKETING_VERSION = 1.0;
				PRODUCT_BUNDLE_IDENTIFIER = "com.example.apple-samplecode.ReversiUITests";
				PRODUCT_NAME = "$(TARGET_NAME)";
				SWIFT_EMIT_LOC_STRINGS = NO;
				SWIFT_VERSION = 5.0;
				TARGETED_DEVICE_FAMILY = "1,2";
				TEST_TARGET_NAME = Reversi;
			};
			name = Debug;
		};
		63DCB1EE2AB66AEA007BACF8 /* Release */ = {
			isa = XCBuildConfiguration;
			buildSettings = {
				ALWAYS_EMBED_SWIFT_STANDARD_LIBRARIES = YES;
				CODE_SIGN_STYLE = Automatic;
				CURRENT_PROJECT_VERSION = 1;
				GENERATE_INFOPLIST_FILE = YES;
				MARKETING_VERSION = 1.0;
				PRODUCT_BUNDLE_IDENTIFIER = "com.example.apple-samplecode.ReversiUITests";
				PRODUCT_NAME = "$(TARGET_NAME)";
				SWIFT_EMIT_LOC_STRINGS = NO;
				SWIFT_VERSION = 5.0;
				TARGETED_DEVICE_FAMILY = "1,2";
				TEST_TARGET_NAME = Reversi;
			};
			name = Release;
		};
/* End XCBuildConfiguration section */

/* Begin XCConfigurationList section */
		63DCB1BD2AB66AE7007BACF8 /* Build configuration list for PBXProject "Reversi" */ = {
			isa = XCConfigurationList;
			buildConfigurations = (
				63DCB1E42AB66AEA007BACF8 /* Debug */,
				63DCB1E52AB66AEA007BACF8 /* Release */,
			);
			defaultConfigurationIsVisible = 0;
			defaultConfigurationName = Release;
		};
		63DCB1E62AB66AEA007BACF8 /* Build configuration list for PBXNativeTarget "Reversi" */ = {
			isa = XCConfigurationList;
			buildConfigurations = (
				63DCB1E72AB66AEA007BACF8 /* Debug */,
				63DCB1E82AB66AEA007BACF8 /* Release */,
			);
			defaultConfigurationIsVisible = 0;
			defaultConfigurationName = Release;
		};
		63DCB1E92AB66AEA007BACF8 /* Build configuration list for PBXNativeTarget "ReversiTests" */ = {
			isa = XCConfigurationList;
			buildConfigurations = (
				63DCB1EA2AB66AEA007BACF8 /* Debug */,
				63DCB1EB2AB66AEA007BACF8 /* Release */,
			);
			defaultConfigurationIsVisible = 0;
			defaultConfigurationName = Release;
		};
		63DCB1EC2AB66AEA007BACF8 /* Build configuration list for PBXNativeTarget "ReversiUITests" */ = {
			isa = XCConfigurationList;
			buildConfigurations = (
				63DCB1ED2AB66AEA007BACF8 /* Debug */,
				63DCB1EE2AB66AEA007BACF8 /* Release */,
			);
			defaultConfigurationIsVisible = 0;
			defaultConfigurationName = Release;
		};
/* End XCConfigurationList section */
	};
	rootObject = 63DCB1BA2AB66AE7007BACF8 /* Project object */;
}
